
Microsoft Visual Studio Solution File, Format Version 12.00
# Visual Studio Version 17
VisualStudioVersion = 17.1.32210.238
MinimumVisualStudioVersion = 10.0.40219.1
Project("{FAE04EC0-301F-11D3-BF4B-00C04F79EFBC}") = "ContactAPI", "ContactAPI.csproj", "{33BFD481-1DC4-405D-B4C8-46949659F90C}"
EndProject
Global
	GlobalSection(SolutionConfigurationPlatforms) = preSolution
		Debug|Any CPU = Debug|Any CPU
		Release|Any CPU = Release|Any CPU
	EndGlobalSection
	GlobalSection(ProjectConfigurationPlatforms) = postSolution
		{33BFD481-1DC4-405D-B4C8-46949659F90C}.Debug|Any CPU.ActiveCfg = Debug|Any CPU
		{33BFD481-1DC4-405D-B4C8-46949659F90C}.Debug|Any CPU.Build.0 = Debug|Any CPU
		{33BFD481-1DC4-405D-B4C8-46949659F90C}.Release|Any CPU.ActiveCfg = Release|Any CPU
		{33BFD481-1DC4-405D-B4C8-46949659F90C}.Release|Any CPU.Build.0 = Release|Any CPU
	EndGlobalSection
	GlobalSection(SolutionProperties) = preSolution
		HideSolutionNode = FALSE
	EndGlobalSection
	GlobalSection(ExtensibilityGlobals) = postSolution
		SolutionGuid = {E0E5311B-5083-4DBC-BBC4-D214C6E0387F}
	EndGlobalSection
EndGlobal
